PODS:
  - DTModelStorage (1.1.0):
    - DTModelStorage/All
  - DTModelStorage/All (1.1.0):
    - DTModelStorage/Core
    - DTModelStorage/CoreDataStorage
    - DTModelStorage/MemoryStorage
    - DTModelStorage/Utilities
  - DTModelStorage/Core (1.1.0)
  - DTModelStorage/CoreDataStorage (1.1.0):
    - DTModelStorage/Core
  - DTModelStorage/MemoryStorage (1.1.0):
    - DTModelStorage/Core
    - DTModelStorage/Utilities
  - DTModelStorage/Utilities (1.1.0):
    - DTModelStorage/MemoryStorage
  - DTPickerPresenter (0.1.0)
  - DTTableViewManager (3.0.0):
    - DTModelStorage (~> 1.1.0)

DEPENDENCIES:
  - DTPickerPresenter (~> 0.1)
  - DTTableViewManager (~> 3.0)

SPEC CHECKSUMS:
  DTModelStorage: c694a64e6c7fd8561285c00189ccf8b4f604c3c6
  DTPickerPresenter: 489fc54fb871ebfae2e6e1664d6807c0d36d1ef4
  DTTableViewManager: cf72d001556105e5c6b5cb211c208f81651e63d7

COCOAPODS: 0.34.4
