PODS:
  - DTModelStorage (1.1.1):
    - DTModelStorage/All (= 1.1.1)
  - DTModelStorage/All (1.1.1):
    - DTModelStorage/Core
    - DTModelStorage/CoreDataStorage
    - DTModelStorage/MemoryStorage
  - DTModelStorage/Core (1.1.1)
  - DTModelStorage/CoreDataStorage (1.1.1):
    - DTModelStorage/Core
  - DTModelStorage/MemoryStorage (1.1.1):
    - DTModelStorage/Core
  - DTPickerPresenter (0.2.0)
  - DTTableViewManager (3.0.1):
    - DTModelStorage (~> 1.1.1)

DEPENDENCIES:
  - DTPickerPresenter (~> 0.1)
  - DTTableViewManager (~> 3.0)

SPEC CHECKSUMS:
  DTModelStorage: 1e098b99e1aa431632f45318e4b145a51aeec54b
  DTPickerPresenter: 0ed2826ddccf675a3e2f9728ee8a3ca443fb7dbf
  DTTableViewManager: dc5ddb06b44090fadf82dc23a06d6ab0f51495e3

COCOAPODS: 0.35.0.rc2
