// !$*UTF8*$!
{
	archiveVersion = 1;
	classes = {
	};
	objectVersion = 46;
	objects = {

/* Begin PBXBuildFile section */
		2260503DCCEC4E0D81DCD75B /* libPods.a in Frameworks */ = {isa = PBXBuildFile; fileRef = DC6AEFEB12EC4C51A87EEE1F /* libPods.a */; };
		AA24528B18BC9949001F407F /* InfoPlist.strings in Resources */ = {isa = PBXBuildFile; fileRef = AA24528918BC9949001F407F /* InfoPlist.strings */; };
		AA24528D18BC9949001F407F /* main.m in Sources */ = {isa = PBXBuildFile; fileRef = AA24528C18BC9949001F407F /* main.m */; };
		AA24529118BC9949001F407F /* AppDelegate.m in Sources */ = {isa = PBXBuildFile; fileRef = AA24529018BC9949001F407F /* AppDelegate.m */; };
		AA24529318BC9949001F407F /* Images.xcassets in Resources */ = {isa = PBXBuildFile; fileRef = AA24529218BC9949001F407F /* Images.xcassets */; };
		AA2452A418BC9949001F407F /* InfoPlist.strings in Resources */ = {isa = PBXBuildFile; fileRef = AA2452A218BC9949001F407F /* InfoPlist.strings */; };
		AA2452A618BC9949001F407F /* DTInlinePickerViewsTests.m in Sources */ = {isa = PBXBuildFile; fileRef = AA2452A518BC9949001F407F /* DTInlinePickerViewsTests.m */; };
		AA56917218BF74F2006D1B45 /* DTInlinePickerCell.m in Sources */ = {isa = PBXBuildFile; fileRef = AA56916F18BF74F2006D1B45 /* DTInlinePickerCell.m */; };
		AA56917318BF74F2006D1B45 /* DTInlinePickerTableController.m in Sources */ = {isa = PBXBuildFile; fileRef = AA56917118BF74F2006D1B45 /* DTInlinePickerTableController.m */; };
		AA7A459718BC9B920083DED5 /* ExampleController.m in Sources */ = {isa = PBXBuildFile; fileRef = AA7A459518BC9B920083DED5 /* ExampleController.m */; };
		AA7A459818BC9B920083DED5 /* ExampleController.xib in Resources */ = {isa = PBXBuildFile; fileRef = AA7A459618BC9B920083DED5 /* ExampleController.xib */; };
		AA7A459D18BC9C2E0083DED5 /* ExampleCell.m in Sources */ = {isa = PBXBuildFile; fileRef = AA7A459C18BC9C2E0083DED5 /* ExampleCell.m */; };
		AA7A459F18BC9C3E0083DED5 /* ExampleCell.xib in Resources */ = {isa = PBXBuildFile; fileRef = AA7A459E18BC9C3E0083DED5 /* ExampleCell.xib */; };
		C163EFFC72BD842C467B62F2 /* DateModel.m in Sources */ = {isa = PBXBuildFile; fileRef = C163E767A5F2DB9825E1FD8F /* DateModel.m */; };
/* End PBXBuildFile section */

/* Begin PBXContainerItemProxy section */
		AA24529D18BC9949001F407F /* PBXContainerItemProxy */ = {
			isa = PBXContainerItemProxy;
			containerPortal = AA24527518BC9949001F407F /* Project object */;
			proxyType = 1;
			remoteGlobalIDString = AA24527C18BC9949001F407F;
			remoteInfo = DTInlinePickerViews;
		};
/* End PBXContainerItemProxy section */

/* Begin PBXFileReference section */
		3E141D29F6522C2D460A0805 /* Pods.debug.xcconfig */ = {isa = PBXFileReference; includeInIndex = 1; lastKnownFileType = text.xcconfig; name = Pods.debug.xcconfig; path = "Pods/Target Support Files/Pods/Pods.debug.xcconfig"; sourceTree = "<group>"; };
		AA24527D18BC9949001F407F /* Example.app */ = {isa = PBXFileReference; explicitFileType = wrapper.application; includeInIndex = 0; path = Example.app; sourceTree = BUILT_PRODUCTS_DIR; };
		AA24528818BC9949001F407F /* DTInlineDatePicker-Info.plist */ = {isa = PBXFileReference; lastKnownFileType = text.plist.xml; path = "DTInlineDatePicker-Info.plist"; sourceTree = "<group>"; };
		AA24528A18BC9949001F407F /* en */ = {isa = PBXFileReference; lastKnownFileType = text.plist.strings; name = en; path = en.lproj/InfoPlist.strings; sourceTree = "<group>"; };
		AA24528C18BC9949001F407F /* main.m */ = {isa = PBXFileReference; lastKnownFileType = sourcecode.c.objc; path = main.m; sourceTree = "<group>"; };
		AA24528E18BC9949001F407F /* DTInlineDatePicker-Prefix.pch */ = {isa = PBXFileReference; lastKnownFileType = sourcecode.c.h; path = "DTInlineDatePicker-Prefix.pch"; sourceTree = "<group>"; };
		AA24528F18BC9949001F407F /* AppDelegate.h */ = {isa = PBXFileReference; lastKnownFileType = sourcecode.c.h; path = AppDelegate.h; sourceTree = "<group>"; };
		AA24529018BC9949001F407F /* AppDelegate.m */ = {isa = PBXFileReference; lastKnownFileType = sourcecode.c.objc; path = AppDelegate.m; sourceTree = "<group>"; };
		AA24529218BC9949001F407F /* Images.xcassets */ = {isa = PBXFileReference; lastKnownFileType = folder.assetcatalog; path = Images.xcassets; sourceTree = "<group>"; };
		AA24529818BC9949001F407F /* Tests.xctest */ = {isa = PBXFileReference; explicitFileType = wrapper.cfbundle; includeInIndex = 0; path = Tests.xctest; sourceTree = BUILT_PRODUCTS_DIR; };
		AA2452A118BC9949001F407F /* DTInlineDatePickerTests-Info.plist */ = {isa = PBXFileReference; lastKnownFileType = text.plist.xml; path = "DTInlineDatePickerTests-Info.plist"; sourceTree = "<group>"; };
		AA2452A318BC9949001F407F /* en */ = {isa = PBXFileReference; lastKnownFileType = text.plist.strings; name = en; path = en.lproj/InfoPlist.strings; sourceTree = "<group>"; };
		AA2452A518BC9949001F407F /* DTInlinePickerViewsTests.m */ = {isa = PBXFileReference; lastKnownFileType = sourcecode.c.objc; path = DTInlinePickerViewsTests.m; sourceTree = "<group>"; };
		AA56916E18BF74F2006D1B45 /* DTInlinePickerCell.h */ = {isa = PBXFileReference; fileEncoding = 4; lastKnownFileType = sourcecode.c.h; path = DTInlinePickerCell.h; sourceTree = "<group>"; };
		AA56916F18BF74F2006D1B45 /* DTInlinePickerCell.m */ = {isa = PBXFileReference; fileEncoding = 4; lastKnownFileType = sourcecode.c.objc; path = DTInlinePickerCell.m; sourceTree = "<group>"; };
		AA56917018BF74F2006D1B45 /* DTInlinePickerTableController.h */ = {isa = PBXFileReference; fileEncoding = 4; lastKnownFileType = sourcecode.c.h; path = DTInlinePickerTableController.h; sourceTree = "<group>"; };
		AA56917118BF74F2006D1B45 /* DTInlinePickerTableController.m */ = {isa = PBXFileReference; fileEncoding = 4; lastKnownFileType = sourcecode.c.objc; path = DTInlinePickerTableController.m; sourceTree = "<group>"; };
		AA7A459418BC9B920083DED5 /* ExampleController.h */ = {isa = PBXFileReference; fileEncoding = 4; lastKnownFileType = sourcecode.c.h; path = ExampleController.h; sourceTree = "<group>"; };
		AA7A459518BC9B920083DED5 /* ExampleController.m */ = {isa = PBXFileReference; fileEncoding = 4; lastKnownFileType = sourcecode.c.objc; path = ExampleController.m; sourceTree = "<group>"; };
		AA7A459618BC9B920083DED5 /* ExampleController.xib */ = {isa = PBXFileReference; fileEncoding = 4; lastKnownFileType = file.xib; path = ExampleController.xib; sourceTree = "<group>"; };
		AA7A459B18BC9C2E0083DED5 /* ExampleCell.h */ = {isa = PBXFileReference; fileEncoding = 4; lastKnownFileType = sourcecode.c.h; name = ExampleCell.h; path = Cells/ExampleCell.h; sourceTree = "<group>"; };
		AA7A459C18BC9C2E0083DED5 /* ExampleCell.m */ = {isa = PBXFileReference; fileEncoding = 4; lastKnownFileType = sourcecode.c.objc; name = ExampleCell.m; path = Cells/ExampleCell.m; sourceTree = "<group>"; };
		AA7A459E18BC9C3E0083DED5 /* ExampleCell.xib */ = {isa = PBXFileReference; fileEncoding = 4; lastKnownFileType = file.xib; name = ExampleCell.xib; path = Cells/ExampleCell.xib; sourceTree = "<group>"; };
		BC87A31A9EEB5FA519203AC4 /* Pods.release.xcconfig */ = {isa = PBXFileReference; includeInIndex = 1; lastKnownFileType = text.xcconfig; name = Pods.release.xcconfig; path = "Pods/Target Support Files/Pods/Pods.release.xcconfig"; sourceTree = "<group>"; };
		C163E767A5F2DB9825E1FD8F /* DateModel.m */ = {isa = PBXFileReference; fileEncoding = 4; lastKnownFileType = sourcecode.c.objc; path = DateModel.m; sourceTree = "<group>"; };
		C163EF02944677F0BBB3AB8C /* DateModel.h */ = {isa = PBXFileReference; fileEncoding = 4; lastKnownFileType = sourcecode.c.h; path = DateModel.h; sourceTree = "<group>"; };
		DC6AEFEB12EC4C51A87EEE1F /* libPods.a */ = {isa = PBXFileReference; explicitFileType = archive.ar; includeInIndex = 0; path = libPods.a; sourceTree = BUILT_PRODUCTS_DIR; };
/* End PBXFileReference section */

/* Begin PBXFrameworksBuildPhase section */
		AA24527A18BC9949001F407F /* Frameworks */ = {
			isa = PBXFrameworksBuildPhase;
			buildActionMask = 2147483647;
			files = (
				2260503DCCEC4E0D81DCD75B /* libPods.a in Frameworks */,
			);
			runOnlyForDeploymentPostprocessing = 0;
		};
		AA24529518BC9949001F407F /* Frameworks */ = {
			isa = PBXFrameworksBuildPhase;
			buildActionMask = 2147483647;
			files = (
			);
			runOnlyForDeploymentPostprocessing = 0;
		};
/* End PBXFrameworksBuildPhase section */

/* Begin PBXGroup section */
		512D7F88B4176533AD870740 /* Pods */ = {
			isa = PBXGroup;
			children = (
				3E141D29F6522C2D460A0805 /* Pods.debug.xcconfig */,
				BC87A31A9EEB5FA519203AC4 /* Pods.release.xcconfig */,
			);
			name = Pods;
			sourceTree = "<group>";
		};
		AA24527418BC9949001F407F = {
			isa = PBXGroup;
			children = (
				AA56916D18BF74F2006D1B45 /* DTInlineDatePicker */,
				AA24528618BC9949001F407F /* Example */,
				AA24529F18BC9949001F407F /* Tests */,
				AA24527E18BC9949001F407F /* Products */,
				D95BA626A51845EE9611C382 /* Frameworks */,
				512D7F88B4176533AD870740 /* Pods */,
			);
			sourceTree = "<group>";
		};
		AA24527E18BC9949001F407F /* Products */ = {
			isa = PBXGroup;
			children = (
				AA24527D18BC9949001F407F /* Example.app */,
				AA24529818BC9949001F407F /* Tests.xctest */,
			);
			name = Products;
			sourceTree = "<group>";
		};
		AA24528618BC9949001F407F /* Example */ = {
			isa = PBXGroup;
			children = (
				AAE60DD418BE430200DD2DED /* Models */,
				AA7A459A18BC9C0E0083DED5 /* Cells */,
				AA7A459918BC9C070083DED5 /* Controllers */,
				AA24528F18BC9949001F407F /* AppDelegate.h */,
				AA24529018BC9949001F407F /* AppDelegate.m */,
				AA24529218BC9949001F407F /* Images.xcassets */,
				AA24528718BC9949001F407F /* Supporting Files */,
			);
			path = Example;
			sourceTree = "<group>";
		};
		AA24528718BC9949001F407F /* Supporting Files */ = {
			isa = PBXGroup;
			children = (
				AA24528818BC9949001F407F /* DTInlineDatePicker-Info.plist */,
				AA24528918BC9949001F407F /* InfoPlist.strings */,
				AA24528C18BC9949001F407F /* main.m */,
				AA24528E18BC9949001F407F /* DTInlineDatePicker-Prefix.pch */,
			);
			name = "Supporting Files";
			sourceTree = "<group>";
		};
		AA24529F18BC9949001F407F /* Tests */ = {
			isa = PBXGroup;
			children = (
				AA2452A518BC9949001F407F /* DTInlinePickerViewsTests.m */,
				AA2452A018BC9949001F407F /* Supporting Files */,
			);
			path = Tests;
			sourceTree = "<group>";
		};
		AA2452A018BC9949001F407F /* Supporting Files */ = {
			isa = PBXGroup;
			children = (
				AA2452A118BC9949001F407F /* DTInlineDatePickerTests-Info.plist */,
				AA2452A218BC9949001F407F /* InfoPlist.strings */,
			);
			name = "Supporting Files";
			sourceTree = "<group>";
		};
		AA56916D18BF74F2006D1B45 /* DTInlineDatePicker */ = {
			isa = PBXGroup;
			children = (
				AA56916E18BF74F2006D1B45 /* DTInlinePickerCell.h */,
				AA56916F18BF74F2006D1B45 /* DTInlinePickerCell.m */,
				AA56917018BF74F2006D1B45 /* DTInlinePickerTableController.h */,
				AA56917118BF74F2006D1B45 /* DTInlinePickerTableController.m */,
			);
			path = DTInlineDatePicker;
			sourceTree = "<group>";
		};
		AA7A459918BC9C070083DED5 /* Controllers */ = {
			isa = PBXGroup;
			children = (
				AA7A459418BC9B920083DED5 /* ExampleController.h */,
				AA7A459518BC9B920083DED5 /* ExampleController.m */,
				AA7A459618BC9B920083DED5 /* ExampleController.xib */,
			);
			name = Controllers;
			sourceTree = "<group>";
		};
		AA7A459A18BC9C0E0083DED5 /* Cells */ = {
			isa = PBXGroup;
			children = (
				AA7A459B18BC9C2E0083DED5 /* ExampleCell.h */,
				AA7A459C18BC9C2E0083DED5 /* ExampleCell.m */,
				AA7A459E18BC9C3E0083DED5 /* ExampleCell.xib */,
			);
			name = Cells;
			sourceTree = "<group>";
		};
		AAE60DD418BE430200DD2DED /* Models */ = {
			isa = PBXGroup;
			children = (
				C163EF02944677F0BBB3AB8C /* DateModel.h */,
				C163E767A5F2DB9825E1FD8F /* DateModel.m */,
			);
			name = Models;
			sourceTree = "<group>";
		};
		D95BA626A51845EE9611C382 /* Frameworks */ = {
			isa = PBXGroup;
			children = (
				DC6AEFEB12EC4C51A87EEE1F /* libPods.a */,
			);
			name = Frameworks;
			sourceTree = "<group>";
		};
/* End PBXGroup section */

/* Begin PBXNativeTarget section */
		AA24527C18BC9949001F407F /* Example */ = {
			isa = PBXNativeTarget;
			buildConfigurationList = AA2452A918BC9949001F407F /* Build configuration list for PBXNativeTarget "Example" */;
			buildPhases = (
				D508F02E0CD949C4AD31F1F1 /* Check Pods Manifest.lock */,
				AA24527918BC9949001F407F /* Sources */,
				AA24527A18BC9949001F407F /* Frameworks */,
				AA24527B18BC9949001F407F /* Resources */,
				B18CE7C89D0A4C48833E8832 /* Copy Pods Resources */,
			);
			buildRules = (
			);
			dependencies = (
			);
			name = Example;
			productName = DTInlinePickerViews;
			productReference = AA24527D18BC9949001F407F /* Example.app */;
			productType = "com.apple.product-type.application";
		};
		AA24529718BC9949001F407F /* Tests */ = {
			isa = PBXNativeTarget;
			buildConfigurationList = AA2452AC18BC9949001F407F /* Build configuration list for PBXNativeTarget "Tests" */;
			buildPhases = (
				AA24529418BC9949001F407F /* Sources */,
				AA24529518BC9949001F407F /* Frameworks */,
				AA24529618BC9949001F407F /* Resources */,
			);
			buildRules = (
			);
			dependencies = (
				AA24529E18BC9949001F407F /* PBXTargetDependency */,
			);
			name = Tests;
			productName = DTInlinePickerViewsTests;
			productReference = AA24529818BC9949001F407F /* Tests.xctest */;
			productType = "com.apple.product-type.bundle.unit-test";
		};
/* End PBXNativeTarget section */

/* Begin PBXProject section */
		AA24527518BC9949001F407F /* Project object */ = {
			isa = PBXProject;
			attributes = {
				LastUpgradeCheck = 0700;
				ORGANIZATIONNAME = MLSDev;
				TargetAttributes = {
					AA24529718BC9949001F407F = {
						TestTargetID = AA24527C18BC9949001F407F;
					};
				};
			};
			buildConfigurationList = AA24527818BC9949001F407F /* Build configuration list for PBXProject "DTInlineDatePicker" */;
			compatibilityVersion = "Xcode 3.2";
			developmentRegion = English;
			hasScannedForEncodings = 0;
			knownRegions = (
				en,
			);
			mainGroup = AA24527418BC9949001F407F;
			productRefGroup = AA24527E18BC9949001F407F /* Products */;
			projectDirPath = "";
			projectRoot = "";
			targets = (
				AA24527C18BC9949001F407F /* Example */,
				AA24529718BC9949001F407F /* Tests */,
			);
		};
/* End PBXProject section */

/* Begin PBXResourcesBuildPhase section */
		AA24527B18BC9949001F407F /* Resources */ = {
			isa = PBXResourcesBuildPhase;
			buildActionMask = 2147483647;
			files = (
				AA7A459F18BC9C3E0083DED5 /* ExampleCell.xib in Resources */,
				AA24528B18BC9949001F407F /* InfoPlist.strings in Resources */,
				AA7A459818BC9B920083DED5 /* ExampleController.xib in Resources */,
				AA24529318BC9949001F407F /* Images.xcassets in Resources */,
			);
			runOnlyForDeploymentPostprocessing = 0;
		};
		AA24529618BC9949001F407F /* Resources */ = {
			isa = PBXResourcesBuildPhase;
			buildActionMask = 2147483647;
			files = (
				AA2452A418BC9949001F407F /* InfoPlist.strings in Resources */,
			);
			runOnlyForDeploymentPostprocessing = 0;
		};
/* End PBXResourcesBuildPhase section */

/* Begin PBXShellScriptBuildPhase section */
		B18CE7C89D0A4C48833E8832 /* Copy Pods Resources */ = {
			isa = PBXShellScriptBuildPhase;
			buildActionMask = 2147483647;
			files = (
			);
			inputPaths = (
			);
			name = "Copy Pods Resources";
			outputPaths = (
			);
			runOnlyForDeploymentPostprocessing = 0;
			shellPath = /bin/sh;
			shellScript = "\"${SRCROOT}/Pods/Target Support Files/Pods/Pods-resources.sh\"\n";
			showEnvVarsInLog = 0;
		};
		D508F02E0CD949C4AD31F1F1 /* Check Pods Manifest.lock */ = {
			isa = PBXShellScriptBuildPhase;
			buildActionMask = 2147483647;
			files = (
			);
			inputPaths = (
			);
			name = "Check Pods Manifest.lock";
			outputPaths = (
			);
			runOnlyForDeploymentPostprocessing = 0;
			shellPath = /bin/sh;
			shellScript = "diff \"${PODS_ROOT}/../Podfile.lock\" \"${PODS_ROOT}/Manifest.lock\" > /dev/null\nif [[ $? != 0 ]] ; then\n    cat << EOM\nerror: The sandbox is not in sync with the Podfile.lock. Run 'pod install' or update your CocoaPods installation.\nEOM\n    exit 1\nfi\n";
			showEnvVarsInLog = 0;
		};
/* End PBXShellScriptBuildPhase section */

/* Begin PBXSourcesBuildPhase section */
		AA24527918BC9949001F407F /* Sources */ = {
			isa = PBXSourcesBuildPhase;
			buildActionMask = 2147483647;
			files = (
				AA7A459D18BC9C2E0083DED5 /* ExampleCell.m in Sources */,
				AA56917318BF74F2006D1B45 /* DTInlinePickerTableController.m in Sources */,
				AA24529118BC9949001F407F /* AppDelegate.m in Sources */,
				AA7A459718BC9B920083DED5 /* ExampleController.m in Sources */,
				AA24528D18BC9949001F407F /* main.m in Sources */,
				AA56917218BF74F2006D1B45 /* DTInlinePickerCell.m in Sources */,
				C163EFFC72BD842C467B62F2 /* DateModel.m in Sources */,
			);
			runOnlyForDeploymentPostprocessing = 0;
		};
		AA24529418BC9949001F407F /* Sources */ = {
			isa = PBXSourcesBuildPhase;
			buildActionMask = 2147483647;
			files = (
				AA2452A618BC9949001F407F /* DTInlinePickerViewsTests.m in Sources */,
			);
			runOnlyForDeploymentPostprocessing = 0;
		};
/* End PBXSourcesBuildPhase section */

/* Begin PBXTargetDependency section */
		AA24529E18BC9949001F407F /* PBXTargetDependency */ = {
			isa = PBXTargetDependency;
			target = AA24527C18BC9949001F407F /* Example */;
			targetProxy = AA24529D18BC9949001F407F /* PBXContainerItemProxy */;
		};
/* End PBXTargetDependency section */

/* Begin PBXVariantGroup section */
		AA24528918BC9949001F407F /* InfoPlist.strings */ = {
			isa = PBXVariantGroup;
			children = (
				AA24528A18BC9949001F407F /* en */,
			);
			name = InfoPlist.strings;
			sourceTree = "<group>";
		};
		AA2452A218BC9949001F407F /* InfoPlist.strings */ = {
			isa = PBXVariantGroup;
			children = (
				AA2452A318BC9949001F407F /* en */,
			);
			name = InfoPlist.strings;
			sourceTree = "<group>";
		};
/* End PBXVariantGroup section */

/* Begin XCBuildConfiguration section */
		AA2452A718BC9949001F407F /* Debug */ = {
			isa = XCBuildConfiguration;
			buildSettings = {
				ALWAYS_SEARCH_USER_PATHS = NO;
				CLANG_CXX_LANGUAGE_STANDARD = "gnu++0x";
				CLANG_CXX_LIBRARY = "libc++";
				CLANG_ENABLE_MODULES = YES;
				CLANG_ENABLE_OBJC_ARC = YES;
				CLANG_WARN_BOOL_CONVERSION = YES;
				CLANG_WARN_CONSTANT_CONVERSION = YES;
				CLANG_WARN_DIRECT_OBJC_ISA_USAGE = YES_ERROR;
				CLANG_WARN_EMPTY_BODY = YES;
				CLANG_WARN_ENUM_CONVERSION = YES;
				CLANG_WARN_INT_CONVERSION = YES;
				CLANG_WARN_OBJC_ROOT_CLASS = YES_ERROR;
				CLANG_WARN__DUPLICATE_METHOD_MATCH = YES;
				"CODE_SIGN_IDENTITY[sdk=iphoneos*]" = "iPhone Developer";
				COPY_PHASE_STRIP = NO;
				ENABLE_TESTABILITY = YES;
				GCC_C_LANGUAGE_STANDARD = gnu99;
				GCC_DYNAMIC_NO_PIC = NO;
				GCC_OPTIMIZATION_LEVEL = 0;
				GCC_PREPROCESSOR_DEFINITIONS = (
					"DEBUG=1",
					"$(inherited)",
				);
				GCC_SYMBOLS_PRIVATE_EXTERN = NO;
				GCC_WARN_64_TO_32_BIT_CONVERSION = YES;
				GCC_WARN_ABOUT_RETURN_TYPE = YES_ERROR;
				GCC_WARN_UNDECLARED_SELECTOR = YES;
				GCC_WARN_UNINITIALIZED_AUTOS = YES;
				GCC_WARN_UNUSED_FUNCTION = YES;
				GCC_WARN_UNUSED_VARIABLE = YES;
				IPHONEOS_DEPLOYMENT_TARGET = 7.0;
				ONLY_ACTIVE_ARCH = YES;
				SDKROOT = iphoneos;
			};
			name = Debug;
		};
		AA2452A818BC9949001F407F /* Release */ = {
			isa = XCBuildConfiguration;
			buildSettings = {
				ALWAYS_SEARCH_USER_PATHS = NO;
				CLANG_CXX_LANGUAGE_STANDARD = "gnu++0x";
				CLANG_CXX_LIBRARY = "libc++";
				CLANG_ENABLE_MODULES = YES;
				CLANG_ENABLE_OBJC_ARC = YES;
				CLANG_WARN_BOOL_CONVERSION = YES;
				CLANG_WARN_CONSTANT_CONVERSION = YES;
				CLANG_WARN_DIRECT_OBJC_ISA_USAGE = YES_ERROR;
				CLANG_WARN_EMPTY_BODY = YES;
				CLANG_WARN_ENUM_CONVERSION = YES;
				CLANG_WARN_INT_CONVERSION = YES;
				CLANG_WARN_OBJC_ROOT_CLASS = YES_ERROR;
				CLANG_WARN__DUPLICATE_METHOD_MATCH = YES;
				"CODE_SIGN_IDENTITY[sdk=iphoneos*]" = "iPhone Developer";
				COPY_PHASE_STRIP = YES;
				ENABLE_NS_ASSERTIONS = NO;
				GCC_C_LANGUAGE_STANDARD = gnu99;
				GCC_WARN_64_TO_32_BIT_CONVERSION = YES;
				GCC_WARN_ABOUT_RETURN_TYPE = YES_ERROR;
				GCC_WARN_UNDECLARED_SELECTOR = YES;
				GCC_WARN_UNINITIALIZED_AUTOS = YES;
				GCC_WARN_UNUSED_FUNCTION = YES;
				GCC_WARN_UNUSED_VARIABLE = YES;
				IPHONEOS_DEPLOYMENT_TARGET = 7.0;
				SDKROOT = iphoneos;
				VALIDATE_PRODUCT = YES;
			};
			name = Release;
		};
		AA2452AA18BC9949001F407F /* Debug */ = {
			isa = XCBuildConfiguration;
			baseConfigurationReference = 3E141D29F6522C2D460A0805 /* Pods.debug.xcconfig */;
			buildSettings = {
				ASSETCATALOG_COMPILER_APPICON_NAME = AppIcon;
				ASSETCATALOG_COMPILER_LAUNCHIMAGE_NAME = LaunchImage;
				GCC_PRECOMPILE_PREFIX_HEADER = YES;
				GCC_PREFIX_HEADER = "Example/DTInlineDatePicker-Prefix.pch";
				INFOPLIST_FILE = "$(SRCROOT)/Example/DTInlineDatePicker-Info.plist";
				IPHONEOS_DEPLOYMENT_TARGET = 7.0;
				PRODUCT_BUNDLE_IDENTIFIER = "com.mlsdev.${PRODUCT_NAME:rfc1034identifier}";
				PRODUCT_NAME = "$(TARGET_NAME)";
				WRAPPER_EXTENSION = app;
			};
			name = Debug;
		};
		AA2452AB18BC9949001F407F /* Release */ = {
			isa = XCBuildConfiguration;
			baseConfigurationReference = BC87A31A9EEB5FA519203AC4 /* Pods.release.xcconfig */;
			buildSettings = {
				ASSETCATALOG_COMPILER_APPICON_NAME = AppIcon;
				ASSETCATALOG_COMPILER_LAUNCHIMAGE_NAME = LaunchImage;
				GCC_PRECOMPILE_PREFIX_HEADER = YES;
				GCC_PREFIX_HEADER = "Example/DTInlineDatePicker-Prefix.pch";
				INFOPLIST_FILE = "$(SRCROOT)/Example/DTInlineDatePicker-Info.plist";
				IPHONEOS_DEPLOYMENT_TARGET = 7.0;
				PRODUCT_BUNDLE_IDENTIFIER = "com.mlsdev.${PRODUCT_NAME:rfc1034identifier}";
				PRODUCT_NAME = "$(TARGET_NAME)";
				WRAPPER_EXTENSION = app;
			};
			name = Release;
		};
		AA2452AD18BC9949001F407F /* Debug */ = {
			isa = XCBuildConfiguration;
			buildSettings = {
				BUNDLE_LOADER = "$(BUILT_PRODUCTS_DIR)/Example.app/Example";
				GCC_PRECOMPILE_PREFIX_HEADER = YES;
				GCC_PREPROCESSOR_DEFINITIONS = (
					"DEBUG=1",
					"$(inherited)",
				);
				INFOPLIST_FILE = "Tests/DTInlineDatePickerTests-Info.plist";
				PRODUCT_NAME = "$(TARGET_NAME)";
				TEST_HOST = "$(BUNDLE_LOADER)";
				WRAPPER_EXTENSION = xctest;
			};
			name = Debug;
		};
		AA2452AE18BC9949001F407F /* Release */ = {
			isa = XCBuildConfiguration;
			buildSettings = {
				BUNDLE_LOADER = "$(BUILT_PRODUCTS_DIR)/Example.app/Example";
				GCC_PRECOMPILE_PREFIX_HEADER = YES;
				INFOPLIST_FILE = "Tests/DTInlineDatePickerTests-Info.plist";
				PRODUCT_NAME = "$(TARGET_NAME)";
				TEST_HOST = "$(BUNDLE_LOADER)";
				WRAPPER_EXTENSION = xctest;
			};
			name = Release;
		};
/* End XCBuildConfiguration section */

/* Begin XCConfigurationList section */
		AA24527818BC9949001F407F /* Build configuration list for PBXProject "DTInlineDatePicker" */ = {
			isa = XCConfigurationList;
			buildConfigurations = (
				AA2452A718BC9949001F407F /* Debug */,
				AA2452A818BC9949001F407F /* Release */,
			);
			defaultConfigurationIsVisible = 0;
			defaultConfigurationName = Release;
		};
		AA2452A918BC9949001F407F /* Build configuration list for PBXNativeTarget "Example" */ = {
			isa = XCConfigurationList;
			buildConfigurations = (
				AA2452AA18BC9949001F407F /* Debug */,
				AA2452AB18BC9949001F407F /* Release */,
			);
			defaultConfigurationIsVisible = 0;
			defaultConfigurationName = Release;
		};
		AA2452AC18BC9949001F407F /* Build configuration list for PBXNativeTarget "Tests" */ = {
			isa = XCConfigurationList;
			buildConfigurations = (
				AA2452AD18BC9949001F407F /* Debug */,
				AA2452AE18BC9949001F407F /* Release */,
			);
			defaultConfigurationIsVisible = 0;
			defaultConfigurationName = Release;
		};
/* End XCConfigurationList section */
	};
	rootObject = AA24527518BC9949001F407F /* Project object */;
}
